// !$*UTF8*$!
{
	archiveVersion = 1;
	classes = {
	};
	objectVersion = 46;
	objects = {

/* Begin PBXBuildFile section */
		31FF923C21A7E8610094A0BA /* AppDelegate.swift in Sources */ = {isa = PBXBuildFile; fileRef = 31FF923B21A7E8610094A0BA /* AppDelegate.swift */; };
		31FF923E21A7E8610094A0BA /* ViewController.swift in Sources */ = {isa = PBXBuildFile; fileRef = 31FF923D21A7E8610094A0BA /* ViewController.swift */; };
		31FF924121A7E8610094A0BA /* Main.storyboard in Resources */ = {isa = PBXBuildFile; fileRef = 31FF923F21A7E8610094A0BA /* Main.storyboard */; };
		31FF924321A7E8610094A0BA /* Assets.xcassets in Resources */ = {isa = PBXBuildFile; fileRef = 31FF924221A7E8610094A0BA /* Assets.xcassets */; };
		31FF924621A7E8610094A0BA /* LaunchScreen.storyboard in Resources */ = {isa = PBXBuildFile; fileRef = 31FF924421A7E8610094A0BA /* LaunchScreen.storyboard */; };
/* End PBXBuildFile section */

/* Begin PBXFileReference section */
		31FF923821A7E8610094A0BA /* todaydemo.app */ = {isa = PBXFileReference; explicitFileType = wrapper.application; includeInIndex = 0; path = todaydemo.app; sourceTree = BUILT_PRODUCTS_DIR; };
		31FF923B21A7E8610094A0BA /* AppDelegate.swift */ = {isa = PBXFileReference; lastKnownFileType = sourcecode.swift; path = AppDelegate.swift; sourceTree = "<group>"; };
		31FF923D21A7E8610094A0BA /* ViewController.swift */ = {isa = PBXFileReference; lastKnownFileType = sourcecode.swift; path = ViewController.swift; sourceTree = "<group>"; };
		31FF924021A7E8610094A0BA /* Base */ = {isa = PBXFileReference; lastKnownFileType = file.storyboard; name = Base; path = Base.lproj/Main.storyboard; sourceTree = "<group>"; };
		31FF924221A7E8610094A0BA /* Assets.xcassets */ = {isa = PBXFileReference; lastKnownFileType = folder.assetcatalog; path = Assets.xcassets; sourceTree = "<group>"; };
		31FF924521A7E8610094A0BA /* Base */ = {isa = PBXFileReference; lastKnownFileType = file.storyboard; name = Base; path = Base.lproj/LaunchScreen.storyboard; sourceTree = "<group>"; };
		31FF924721A7E8610094A0BA /* Info.plist */ = {isa = PBXFileReference; lastKnownFileType = text.plist.xml; path = Info.plist; sourceTree = "<group>"; };
/* End PBXFileReference section */

/* Begin PBXFrameworksBuildPhase section */
		31FF923521A7E8610094A0BA /* Frameworks */ = {
			isa = PBXFrameworksBuildPhase;
			buildActionMask = 2147483647;
			files = (
			);
			runOnlyForDeploymentPostprocessing = 0;
		};
/* End PBXFrameworksBuildPhase section */

/* Begin PBXGroup section */
		31FF922F21A7E8610094A0BA = {
			isa = PBXGroup;
			children = (
				31FF923A21A7E8610094A0BA /* todaydemo */,
				31FF923921A7E8610094A0BA /* Products */,
			);
			sourceTree = "<group>";
		};
		31FF923921A7E8610094A0BA /* Products */ = {
			isa = PBXGroup;
			children = (
				31FF923821A7E8610094A0BA /* todaydemo.app */,
			);
			name = Products;
			sourceTree = "<group>";
		};
		31FF923A21A7E8610094A0BA /* todaydemo */ = {
			isa = PBXGroup;
			children = (
				31FF923B21A7E8610094A0BA /* AppDelegate.swift */,
				31FF923D21A7E8610094A0BA /* ViewController.swift */,
				31FF923F21A7E8610094A0BA /* Main.storyboard */,
				31FF924221A7E8610094A0BA /* Assets.xcassets */,
				31FF924421A7E8610094A0BA /* LaunchScreen.storyboard */,
				31FF924721A7E8610094A0BA /* Info.plist */,
			);
			path = todaydemo;
			sourceTree = "<group>";
		};
/* End PBXGroup section */

/* Begin PBXNativeTarget section */
		31FF923721A7E8610094A0BA /* todaydemo */ = {
			isa = PBXNativeTarget;
			buildConfigurationList = 31FF924A21A7E8610094A0BA /* Build configuration list for PBXNativeTarget "todaydemo" */;
			buildPhases = (
				31FF923421A7E8610094A0BA /* Sources */,
				31FF923521A7E8610094A0BA /* Frameworks */,
				31FF923621A7E8610094A0BA /* Resources */,
			);
			buildRules = (
			);
			dependencies = (
			);
			name = todaydemo;
			productName = todaydemo;
			productReference = 31FF923821A7E8610094A0BA /* todaydemo.app */;
			productType = "com.apple.product-type.application";
		};
/* End PBXNativeTarget section */

/* Begin PBXProject section */
		31FF923021A7E8610094A0BA /* Project object */ = {
			isa = PBXProject;
			attributes = {
				LastSwiftUpdateCheck = 0820;
				LastUpgradeCheck = 0820;
				ORGANIZATIONNAME = "Neeraj Agnihotri";
				TargetAttributes = {
					31FF923721A7E8610094A0BA = {
						CreatedOnToolsVersion = 8.2;
						ProvisioningStyle = Automatic;
					};
				};
			};
			buildConfigurationList = 31FF923321A7E8610094A0BA /* Build configuration list for PBXProject "todaydemo" */;
			compatibilityVersion = "Xcode 3.2";
			developmentRegion = English;
			hasScannedForEncodings = 0;
			knownRegions = (
				en,
				Base,
			);
			mainGroup = 31FF922F21A7E8610094A0BA;
			productRefGroup = 31FF923921A7E8610094A0BA /* Products */;
			projectDirPath = "";
			projectRoot = "";
			targets = (
				31FF923721A7E8610094A0BA /* todaydemo */,
			);
		};
/* End PBXProject section */

/* Begin PBXResourcesBuildPhase section */
		31FF923621A7E8610094A0BA /* Resources */ = {
			isa = PBXResourcesBuildPhase;
			buildActionMask = 2147483647;
			files = (
				31FF924621A7E8610094A0BA /* LaunchScreen.storyboard in Resources */,
				31FF924321A7E8610094A0BA /* Assets.xcassets in Resources */,
				31FF924121A7E8610094A0BA /* Main.storyboard in Resources */,
			);
			runOnlyForDeploymentPostprocessing = 0;
		};
/* End PBXResourcesBuildPhase section */

/* Begin PBXSourcesBuildPhase section */
		31FF923421A7E8610094A0BA /* Sources */ = {
			isa = PBXSourcesBuildPhase;
			buildActionMask = 2147483647;
			files = (
				31FF923E21A7E8610094A0BA /* ViewController.swift in Sources */,
				31FF923C21A7E8610094A0BA /* AppDelegate.swift in Sources */,
			);
			runOnlyForDeploymentPostprocessing = 0;
		};
/* End PBXSourcesBuildPhase section */

/* Begin PBXVariantGroup section */
		31FF923F21A7E8610094A0BA /* Main.storyboard */ = {
			isa = PBXVariantGroup;
			children = (
				31FF924021A7E8610094A0BA /* Base */,
			);
			name = Main.storyboard;
			sourceTree = "<group>";
		};
		31FF924421A7E8610094A0BA /* LaunchScreen.storyboard */ = {
			isa = PBXVariantGroup;
			children = (
				31FF924521A7E8610094A0BA /* Base */,
			);
			name = LaunchScreen.storyboard;
			sourceTree = "<group>";
		};
/* End PBXVariantGroup section */

/* Begin XCBuildConfiguration section */
		31FF924821A7E8610094A0BA /* Debug */ = {
			isa = XCBuildConfiguration;
			buildSettings = {
				ALWAYS_SEARCH_USER_PATHS = NO;
				CLANG_ANALYZER_NONNULL = YES;
				CLANG_CXX_LANGUAGE_STANDARD = "gnu++0x";
				CLANG_CXX_LIBRARY = "libc++";
				CLANG_ENABLE_MODULES = YES;
				CLANG_ENABLE_OBJC_ARC = YES;
				CLANG_WARN_BOOL_CONVERSION = YES;
				CLANG_WARN_CONSTANT_CONVERSION = YES;
				CLANG_WARN_DIRECT_OBJC_ISA_USAGE = YES_ERROR;
				CLANG_WARN_DOCUMENTATION_COMMENTS = YES;
				CLANG_WARN_EMPTY_BODY = YES;
				CLANG_WARN_ENUM_CONVERSION = YES;
				CLANG_WARN_INFINITE_RECURSION = YES;
				CLANG_WARN_INT_CONVERSION = YES;
				CLANG_WARN_OBJC_ROOT_CLASS = YES_ERROR;
				CLANG_WARN_SUSPICIOUS_MOVE = YES;
				CLANG_WARN_UNREACHABLE_CODE = YES;
				CLANG_WARN__DUPLICATE_METHOD_MATCH = YES;
				"CODE_SIGN_IDENTITY[sdk=iphoneos*]" = "iPhone Developer";
				COPY_PHASE_STRIP = NO;
				DEBUG_INFORMATION_FORMAT = dwarf;
				ENABLE_STRICT_OBJC_MSGSEND = YES;
				ENABLE_TESTABILITY = YES;
				GCC_C_LANGUAGE_STANDARD = gnu99;
				GCC_DYNAMIC_NO_PIC = NO;
				GCC_NO_COMMON_BLOCKS = YES;
				GCC_OPTIMIZATION_LEVEL = 0;
				GCC_PREPROCESSOR_DEFINITIONS = (
					"DEBUG=1",
					"$(inherited)",
				);
				GCC_WARN_64_TO_32_BIT_CONVERSION = YES;
				GCC_WARN_ABOUT_RETURN_TYPE = YES_ERROR;
				GCC_WARN_UNDECLARED_SELECTOR = YES;
				GCC_WARN_UNINITIALIZED_AUTOS = YES_AGGRESSIVE;
				GCC_WARN_UNUSED_FUNCTION = YES;
				GCC_WARN_UNUSED_VARIABLE = YES;
				IPHONEOS_DEPLOYMENT_TARGET = 10.2;
				MTL_ENABLE_DEBUG_INFO = YES;
				ONLY_ACTIVE_ARCH = YES;
				SDKROOT = iphoneos;
				SWIFT_ACTIVE_COMPILATION_CONDITIONS = DEBUG;
				SWIFT_OPTIMIZATION_LEVEL = "-Onone";
			};
			name = Debug;
		};
		31FF924921A7E8610094A0BA /* Release */ = {
			isa = XCBuildConfiguration;
			buildSettings = {
				ALWAYS_SEARCH_USER_PATHS = NO;
				CLANG_ANALYZER_NONNULL = YES;
				CLANG_CXX_LANGUAGE_STANDARD = "gnu++0x";
				CLANG_CXX_LIBRARY = "libc++";
				CLANG_ENABLE_MODULES = YES;
				CLANG_ENABLE_OBJC_ARC = YES;
				CLANG_WARN_BOOL_CONVERSION = YES;
				CLANG_WARN_CONSTANT_CONVERSION = YES;
				CLANG_WARN_DIRECT_OBJC_ISA_USAGE = YES_ERROR;
				CLANG_WARN_DOCUMENTATION_COMMENTS = YES;
				CLANG_WARN_EMPTY_BODY = YES;
				CLANG_WARN_ENUM_CONVERSION = YES;
				CLANG_WARN_INFINITE_RECURSION = YES;
				CLANG_WARN_INT_CONVERSION = YES;
				CLANG_WARN_OBJC_ROOT_CLASS = YES_ERROR;
				CLANG_WARN_SUSPICIOUS_MOVE = YES;
				CLANG_WARN_UNREACHABLE_CODE = YES;
				CLANG_WARN__DUPLICATE_METHOD_MATCH = YES;
				"CODE_SIGN_IDENTITY[sdk=iphoneos*]" = "iPhone Developer";
				COPY_PHASE_STRIP = NO;
				DEBUG_INFORMATION_FORMAT = "dwarf-with-dsym";
				ENABLE_NS_ASSERTIONS = NO;
				ENABLE_STRICT_OBJC_MSGSEND = YES;
				GCC_C_LANGUAGE_STANDARD = gnu99;
				GCC_NO_COMMON_BLOCKS = YES;
				GCC_WARN_64_TO_32_BIT_CONVERSION = YES;
				GCC_WARN_ABOUT_RETURN_TYPE = YES_ERROR;
				GCC_WARN_UNDECLARED_SELECTOR = YES;
				GCC_WARN_UNINITIALIZED_AUTOS = YES_AGGRESSIVE;
				GCC_WARN_UNUSED_FUNCTION = YES;
				GCC_WARN_UNUSED_VARIABLE = YES;
				IPHONEOS_DEPLOYMENT_TARGET = 10.2;
				MTL_ENABLE_DEBUG_INFO = NO;
				SDKROOT = iphoneos;
				SWIFT_OPTIMIZATION_LEVEL = "-Owholemodule";
				VALIDATE_PRODUCT = YES;
			};
			name = Release;
		};
		31FF924B21A7E8610094A0BA /* Debug */ = {
			isa = XCBuildConfiguration;
			buildSettings = {
				ASSETCATALOG_COMPILER_APPICON_NAME = AppIcon;
				INFOPLIST_FILE = todaydemo/Info.plist;
				LD_RUNPATH_SEARCH_PATHS = "$(inherited) @executable_path/Frameworks";
				PRODUCT_BUNDLE_IDENTIFIER = self.todaydemo;
				PRODUCT_NAME = "$(TARGET_NAME)";
				SWIFT_VERSION = 3.0;
			};
			name = Debug;
		};
		31FF924C21A7E8610094A0BA /* Release */ = {
			isa = XCBuildConfiguration;
			buildSettings = {
				ASSETCATALOG_COMPILER_APPICON_NAME = AppIcon;
				INFOPLIST_FILE = todaydemo/Info.plist;
				LD_RUNPATH_SEARCH_PATHS = "$(inherited) @executable_path/Frameworks";
				PRODUCT_BUNDLE_IDENTIFIER = self.todaydemo;
				PRODUCT_NAME = "$(TARGET_NAME)";
				SWIFT_VERSION = 3.0;
			};
			name = Release;
		};
/* End XCBuildConfiguration section */

/* Begin XCConfigurationList section */
		31FF923321A7E8610094A0BA /* Build configuration list for PBXProject "todaydemo" */ = {
			isa = XCConfigurationList;
			buildConfigurations = (
				31FF924821A7E8610094A0BA /* Debug */,
				31FF924921A7E8610094A0BA /* Release */,
			);
			defaultConfigurationIsVisible = 0;
			defaultConfigurationName = Release;
		};
		31FF924A21A7E8610094A0BA /* Build configuration list for PBXNativeTarget "todaydemo" */ = {
			isa = XCConfigurationList;
			buildConfigurations = (
				31FF924B21A7E8610094A0BA /* Debug */,
				31FF924C21A7E8610094A0BA /* Release */,
			);
			defaultConfigurationIsVisible = 0;
		};
/* End XCConfigurationList section */
	};
	rootObject = 31FF923021A7E8610094A0BA /* Project object */;
}
